
Microsoft Visual Studio Solution File, Format Version 12.00
# Visual Studio Version 17
VisualStudioVersion = 17.13.35919.96 d17.13
MinimumVisualStudioVersion = 10.0.40219.1
Project("{FAE04EC0-301F-11D3-BF4B-00C04F79EFBC}") = "16_Regular Expression", "16_Regular Expression\16_Regular Expression.csproj", "{0B1617D8-7F80-4B2C-8F71-75BD253C6228}"
EndProject
Global
	GlobalSection(SolutionConfigurationPlatforms) = preSolution
		Debug|Any CPU = Debug|Any CPU
		Release|Any CPU = Release|Any CPU
	EndGlobalSection
	GlobalSection(ProjectConfigurationPlatforms) = postSolution
		{0B1617D8-7F80-4B2C-8F71-75BD253C6228}.Debug|Any CPU.ActiveCfg = Debug|Any CPU
		{0B1617D8-7F80-4B2C-8F71-75BD253C6228}.Debug|Any CPU.Build.0 = Debug|Any CPU
		{0B1617D8-7F80-4B2C-8F71-75BD253C6228}.Release|Any CPU.ActiveCfg = Release|Any CPU
		{0B1617D8-7F80-4B2C-8F71-75BD253C6228}.Release|Any CPU.Build.0 = Release|Any CPU
	EndGlobalSection
	GlobalSection(SolutionProperties) = preSolution
		HideSolutionNode = FALSE
	EndGlobalSection
	GlobalSection(ExtensibilityGlobals) = postSolution
		SolutionGuid = {D142331F-C424-411A-8123-05E41632B8CB}
	EndGlobalSection
EndGlobal
