
Microsoft Visual Studio Solution File, Format Version 12.00
# Visual Studio Version 17
VisualStudioVersion = 17.11.35303.130
MinimumVisualStudioVersion = 10.0.40219.1
Project("{FAE04EC0-301F-11D3-BF4B-00C04F79EFBC}") = "Timer(ClickerGame)", "Timer(ClickerGame)\Timer(ClickerGame).csproj", "{BDA911AB-D249-4B08-A35A-1AB6E873B294}"
EndProject
Global
	GlobalSection(SolutionConfigurationPlatforms) = preSolution
		Debug|Any CPU = Debug|Any CPU
		Release|Any CPU = Release|Any CPU
	EndGlobalSection
	GlobalSection(ProjectConfigurationPlatforms) = postSolution
		{BDA911AB-D249-4B08-A35A-1AB6E873B294}.Debug|Any CPU.ActiveCfg = Debug|Any CPU
		{BDA911AB-D249-4B08-A35A-1AB6E873B294}.Debug|Any CPU.Build.0 = Debug|Any CPU
		{BDA911AB-D249-4B08-A35A-1AB6E873B294}.Release|Any CPU.ActiveCfg = Release|Any CPU
		{BDA911AB-D249-4B08-A35A-1AB6E873B294}.Release|Any CPU.Build.0 = Release|Any CPU
	EndGlobalSection
	GlobalSection(SolutionProperties) = preSolution
		HideSolutionNode = FALSE
	EndGlobalSection
	GlobalSection(ExtensibilityGlobals) = postSolution
		SolutionGuid = {022D2A74-2812-444A-A877-F1F252EE5D2C}
	EndGlobalSection
EndGlobal
