
Microsoft Visual Studio Solution File, Format Version 12.00
# Visual Studio Version 17
VisualStudioVersion = 17.13.35919.96 d17.13
MinimumVisualStudioVersion = 10.0.40219.1
Project("{FAE04EC0-301F-11D3-BF4B-00C04F79EFBC}") = "12.LodingStyle", "12.LodingStyle\12.LodingStyle.csproj", "{B2D5DA89-70A1-454C-9ABB-BC82E763E424}"
EndProject
Global
	GlobalSection(SolutionConfigurationPlatforms) = preSolution
		Debug|Any CPU = Debug|Any CPU
		Release|Any CPU = Release|Any CPU
	EndGlobalSection
	GlobalSection(ProjectConfigurationPlatforms) = postSolution
		{B2D5DA89-70A1-454C-9ABB-BC82E763E424}.Debug|Any CPU.ActiveCfg = Debug|Any CPU
		{B2D5DA89-70A1-454C-9ABB-BC82E763E424}.Debug|Any CPU.Build.0 = Debug|Any CPU
		{B2D5DA89-70A1-454C-9ABB-BC82E763E424}.Release|Any CPU.ActiveCfg = Release|Any CPU
		{B2D5DA89-70A1-454C-9ABB-BC82E763E424}.Release|Any CPU.Build.0 = Release|Any CPU
	EndGlobalSection
	GlobalSection(SolutionProperties) = preSolution
		HideSolutionNode = FALSE
	EndGlobalSection
	GlobalSection(ExtensibilityGlobals) = postSolution
		SolutionGuid = {0B7EDC41-8DB0-475D-9091-76ECC74C12FE}
	EndGlobalSection
EndGlobal
