
Microsoft Visual Studio Solution File, Format Version 12.00
# Visual Studio Version 17
VisualStudioVersion = 17.11.35312.102
MinimumVisualStudioVersion = 10.0.40219.1
Project("{FAE04EC0-301F-11D3-BF4B-00C04F79EFBC}") = "00_Excption", "00_Excption\00_Excption.csproj", "{A349A090-B879-43A0-8910-3A24372A2F21}"
EndProject
Global
	GlobalSection(SolutionConfigurationPlatforms) = preSolution
		Debug|Any CPU = Debug|Any CPU
		Release|Any CPU = Release|Any CPU
	EndGlobalSection
	GlobalSection(ProjectConfigurationPlatforms) = postSolution
		{A349A090-B879-43A0-8910-3A24372A2F21}.Debug|Any CPU.ActiveCfg = Debug|Any CPU
		{A349A090-B879-43A0-8910-3A24372A2F21}.Debug|Any CPU.Build.0 = Debug|Any CPU
		{A349A090-B879-43A0-8910-3A24372A2F21}.Release|Any CPU.ActiveCfg = Release|Any CPU
		{A349A090-B879-43A0-8910-3A24372A2F21}.Release|Any CPU.Build.0 = Release|Any CPU
	EndGlobalSection
	GlobalSection(SolutionProperties) = preSolution
		HideSolutionNode = FALSE
	EndGlobalSection
	GlobalSection(ExtensibilityGlobals) = postSolution
		SolutionGuid = {0D764DAA-0F7C-4731-90D7-7F0E347DF2B0}
	EndGlobalSection
EndGlobal
