
Microsoft Visual Studio Solution File, Format Version 12.00
# Visual Studio Version 17
VisualStudioVersion = 17.11.35312.102
MinimumVisualStudioVersion = 10.0.40219.1
Project("{FAE04EC0-301F-11D3-BF4B-00C04F79EFBC}") = "Excel_Export", "Excel_Export\Excel_Export.csproj", "{6B970047-4CB7-44CD-9210-8ABB44A34276}"
EndProject
Global
	GlobalSection(SolutionConfigurationPlatforms) = preSolution
		Debug|Any CPU = Debug|Any CPU
		Release|Any CPU = Release|Any CPU
	EndGlobalSection
	GlobalSection(ProjectConfigurationPlatforms) = postSolution
		{6B970047-4CB7-44CD-9210-8ABB44A34276}.Debug|Any CPU.ActiveCfg = Debug|Any CPU
		{6B970047-4CB7-44CD-9210-8ABB44A34276}.Debug|Any CPU.Build.0 = Debug|Any CPU
		{6B970047-4CB7-44CD-9210-8ABB44A34276}.Release|Any CPU.ActiveCfg = Release|Any CPU
		{6B970047-4CB7-44CD-9210-8ABB44A34276}.Release|Any CPU.Build.0 = Release|Any CPU
	EndGlobalSection
	GlobalSection(SolutionProperties) = preSolution
		HideSolutionNode = FALSE
	EndGlobalSection
	GlobalSection(ExtensibilityGlobals) = postSolution
		SolutionGuid = {160302EE-BE7E-47E7-A1E6-F8B73319E142}
	EndGlobalSection
EndGlobal
