
Microsoft Visual Studio Solution File, Format Version 12.00
# Visual Studio Version 17
VisualStudioVersion = 17.13.35919.96 d17.13
MinimumVisualStudioVersion = 10.0.40219.1
Project("{FAE04EC0-301F-11D3-BF4B-00C04F79EFBC}") = "09_Excel Export", "09_Excel Export\09_Excel Export.csproj", "{DAA6AEE4-3FEE-4E1A-B4D0-A41AC3C2969E}"
EndProject
Global
	GlobalSection(SolutionConfigurationPlatforms) = preSolution
		Debug|Any CPU = Debug|Any CPU
		Release|Any CPU = Release|Any CPU
	EndGlobalSection
	GlobalSection(ProjectConfigurationPlatforms) = postSolution
		{DAA6AEE4-3FEE-4E1A-B4D0-A41AC3C2969E}.Debug|Any CPU.ActiveCfg = Debug|Any CPU
		{DAA6AEE4-3FEE-4E1A-B4D0-A41AC3C2969E}.Debug|Any CPU.Build.0 = Debug|Any CPU
		{DAA6AEE4-3FEE-4E1A-B4D0-A41AC3C2969E}.Release|Any CPU.ActiveCfg = Release|Any CPU
		{DAA6AEE4-3FEE-4E1A-B4D0-A41AC3C2969E}.Release|Any CPU.Build.0 = Release|Any CPU
	EndGlobalSection
	GlobalSection(SolutionProperties) = preSolution
		HideSolutionNode = FALSE
	EndGlobalSection
	GlobalSection(ExtensibilityGlobals) = postSolution
		SolutionGuid = {00CB5FFD-FC09-4110-85AA-562D1EBE6ADE}
	EndGlobalSection
EndGlobal
