
Microsoft Visual Studio Solution File, Format Version 12.00
# Visual Studio Version 17
VisualStudioVersion = 17.13.35919.96 d17.13
MinimumVisualStudioVersion = 10.0.40219.1
Project("{FAE04EC0-301F-11D3-BF4B-00C04F79EFBC}") = "15_Parallel_T", "15_Parallel_T\15_Parallel_T.csproj", "{DC0DD383-BFAC-4313-AEA1-1753614312E2}"
EndProject
Global
	GlobalSection(SolutionConfigurationPlatforms) = preSolution
		Debug|Any CPU = Debug|Any CPU
		Release|Any CPU = Release|Any CPU
	EndGlobalSection
	GlobalSection(ProjectConfigurationPlatforms) = postSolution
		{DC0DD383-BFAC-4313-AEA1-1753614312E2}.Debug|Any CPU.ActiveCfg = Debug|Any CPU
		{DC0DD383-BFAC-4313-AEA1-1753614312E2}.Debug|Any CPU.Build.0 = Debug|Any CPU
		{DC0DD383-BFAC-4313-AEA1-1753614312E2}.Release|Any CPU.ActiveCfg = Release|Any CPU
		{DC0DD383-BFAC-4313-AEA1-1753614312E2}.Release|Any CPU.Build.0 = Release|Any CPU
	EndGlobalSection
	GlobalSection(SolutionProperties) = preSolution
		HideSolutionNode = FALSE
	EndGlobalSection
	GlobalSection(ExtensibilityGlobals) = postSolution
		SolutionGuid = {023A2002-63A9-4CE5-943D-F48D5F812087}
	EndGlobalSection
EndGlobal
