
Microsoft Visual Studio Solution File, Format Version 12.00
# Visual Studio Version 17
VisualStudioVersion = 17.11.35312.102
MinimumVisualStudioVersion = 10.0.40219.1
Project("{FAE04EC0-301F-11D3-BF4B-00C04F79EFBC}") = "DataTable_DataSet", "DataTable_DataSet\DataTable_DataSet.csproj", "{02B7B1BE-71E5-4140-9F88-5D94C449D685}"
EndProject
Global
	GlobalSection(SolutionConfigurationPlatforms) = preSolution
		Debug|Any CPU = Debug|Any CPU
		Release|Any CPU = Release|Any CPU
	EndGlobalSection
	GlobalSection(ProjectConfigurationPlatforms) = postSolution
		{02B7B1BE-71E5-4140-9F88-5D94C449D685}.Debug|Any CPU.ActiveCfg = Debug|Any CPU
		{02B7B1BE-71E5-4140-9F88-5D94C449D685}.Debug|Any CPU.Build.0 = Debug|Any CPU
		{02B7B1BE-71E5-4140-9F88-5D94C449D685}.Release|Any CPU.ActiveCfg = Release|Any CPU
		{02B7B1BE-71E5-4140-9F88-5D94C449D685}.Release|Any CPU.Build.0 = Release|Any CPU
	EndGlobalSection
	GlobalSection(SolutionProperties) = preSolution
		HideSolutionNode = FALSE
	EndGlobalSection
	GlobalSection(ExtensibilityGlobals) = postSolution
		SolutionGuid = {4461FA45-E426-41E2-ADE4-10F4953081FB}
	EndGlobalSection
EndGlobal
